
Microsoft Visual Studio Solution File, Format Version 12.00
Project("{FAE04EC0-301F-11D3-BF4B-00C04F79EFBC}") = "GIS.API", "GIS.API.csproj", "{A24C47EA-4A27-470E-A187-4BA2B59A7785}"
EndProject
Project("{FAE04EC0-301F-11D3-BF4B-00C04F79EFBC}") = "GIS.APPLICATION", "..\GIS.APPLICATION\GIS.APPLICATION.csproj", "{871066E0-23E7-49AB-AEF7-E9501D016B4E}"
EndProject
Project("{FAE04EC0-301F-11D3-BF4B-00C04F79EFBC}") = "GIS.DOMAIN", "..\GIS.DOMAIN\GIS.DOMAIN.csproj", "{F8774621-6B79-4F04-9223-C086896B6FB4}"
EndProject
Project("{FAE04EC0-301F-11D3-BF4B-00C04F79EFBC}") = "GIS.PERSISTENCE", "..\GIS.PERSISTENCE\GIS.PERSISTENCE.csproj", "{47F51322-3ECD-4B1D-95B4-6F5EEB9E3007}"
EndProject
Global
	GlobalSection(SolutionConfigurationPlatforms) = preSolution
		Debug|Any CPU = Debug|Any CPU
		Release|Any CPU = Release|Any CPU
	EndGlobalSection
	GlobalSection(ProjectConfigurationPlatforms) = postSolution
		{A24C47EA-4A27-470E-A187-4BA2B59A7785}.Debug|Any CPU.ActiveCfg = Debug|Any CPU
		{A24C47EA-4A27-470E-A187-4BA2B59A7785}.Debug|Any CPU.Build.0 = Debug|Any CPU
		{A24C47EA-4A27-470E-A187-4BA2B59A7785}.Release|Any CPU.ActiveCfg = Release|Any CPU
		{A24C47EA-4A27-470E-A187-4BA2B59A7785}.Release|Any CPU.Build.0 = Release|Any CPU
		{871066E0-23E7-49AB-AEF7-E9501D016B4E}.Debug|Any CPU.ActiveCfg = Debug|Any CPU
		{871066E0-23E7-49AB-AEF7-E9501D016B4E}.Debug|Any CPU.Build.0 = Debug|Any CPU
		{871066E0-23E7-49AB-AEF7-E9501D016B4E}.Release|Any CPU.ActiveCfg = Release|Any CPU
		{871066E0-23E7-49AB-AEF7-E9501D016B4E}.Release|Any CPU.Build.0 = Release|Any CPU
		{F8774621-6B79-4F04-9223-C086896B6FB4}.Debug|Any CPU.ActiveCfg = Debug|Any CPU
		{F8774621-6B79-4F04-9223-C086896B6FB4}.Debug|Any CPU.Build.0 = Debug|Any CPU
		{F8774621-6B79-4F04-9223-C086896B6FB4}.Release|Any CPU.ActiveCfg = Release|Any CPU
		{F8774621-6B79-4F04-9223-C086896B6FB4}.Release|Any CPU.Build.0 = Release|Any CPU
		{47F51322-3ECD-4B1D-95B4-6F5EEB9E3007}.Debug|Any CPU.ActiveCfg = Debug|Any CPU
		{47F51322-3ECD-4B1D-95B4-6F5EEB9E3007}.Debug|Any CPU.Build.0 = Debug|Any CPU
		{47F51322-3ECD-4B1D-95B4-6F5EEB9E3007}.Release|Any CPU.ActiveCfg = Release|Any CPU
		{47F51322-3ECD-4B1D-95B4-6F5EEB9E3007}.Release|Any CPU.Build.0 = Release|Any CPU
	EndGlobalSection
EndGlobal
